{
  "nodes": {
    "flake-utils": {
      "inputs": {
        "systems": "systems"
      },
      "locked": {
        "lastModified": 1731533236,
        "narHash": "sha256-l0KFg5HjrsfsO/JpG+r7fRrqm12kzFHyUHqHCVpMMbI=",
        "owner": "numtide",
        "repo": "flake-utils",
        "rev": "11707dc2f618dd54ca8739b309ec4fc024de578b",
        "type": "github"
      },
      "original": {
        "owner": "numtide",
        "repo": "flake-utils",
        "type": "github"
      }
    },
    "mjolnir": {
      "inputs": {
        "nixpkgs": [
          "nixpkgs"
        ],
        "nixpkgs-v4": "nixpkgs-v4",
        "rust-overlay": "rust-overlay"
      },
      "locked": {
        "lastModified": 1787085186,
        "narHash": "sha256-5wFaPEaUZ6ULtVCW2PRKyijDz6hIsRwFGRxXw1MWCQU=",
        "owner": "chipsalliance",
        "repo": "mjolnir",
        "rev": "d53222604da502e82a41944c4b3229ce7ca69ad6",
        "type": "github"
      },
      "original": {
        "owner": "chipsalliance",
        "repo": "mjolnir",
        "rev": "d53222604da502e82a41944c4b3229ce7ca69ad6",
        "type": "github"
      }
    },
    "nixpkgs": {
      "locked": {
        "lastModified": 1775036866,
        "narHash": "sha256-ZojAnPuCdy657PbTq5V0Y+AHKhZAIwSIT2cb8UgAz/U=",
        "owner": "NixOS",
        "repo": "nixpkgs",
        "rev": "6201e203d09599479a3b3450ed24fa81537ebc4e",
        "type": "github"
      },
      "original": {
        "owner": "NixOS",
        "ref": "nixos-unstable",
        "repo": "nixpkgs",
        "type": "github"
      }
    },
    "nixpkgs-v4": {
      "locked": {
        "lastModified": 1685573264,
        "narHash": "sha256-Zffu01pONhs/pqH07cjlF10NnMDLok8ix5Uk4rhOnZQ=",
        "owner": "NixOS",
        "repo": "nixpkgs",
        "rev": "380be19fbd2d9079f677978361792cb25e8a3635",
        "type": "github"
      },
      "original": {
        "owner": "NixOS",
        "ref": "nixos-22.05",
        "repo": "nixpkgs",
        "type": "github"
      }
    },
    "root": {
      "inputs": {
        "flake-utils": "flake-utils",
        "mjolnir": "mjolnir",
        "nixpkgs": "nixpkgs",
        "rust-overlay": "rust-overlay_2"
      }
    },
    "rust-overlay": {
      "inputs": {
        "nixpkgs": [
          "mjolnir",
          "nixpkgs"
        ]
      },
      "locked": {
        "lastModified": 1786762605,
        "narHash": "sha256-iQpYIhInh8gRx+cSnPtX+Yp2Gg9kr2h+MehETCqRgDo=",
        "owner": "oxalica",
        "repo": "rust-overlay",
        "rev": "ad8ebb59d84bcf3780c46f107e1d99eb4ca2fe7f",
        "type": "github"
      },
      "original": {
        "owner": "oxalica",
        "repo": "rust-overlay",
        "type": "github"
      }
    },
    "rust-overlay_2": {
      "inputs": {
        "nixpkgs": [
          "nixpkgs"
        ]
      },
      "locked": {
        "lastModified": 1775185947,
        "narHash": "sha256-8ctPmj6RME4q4ELeg+BuY9lV/34M4AG1CNc0Im9PDDk=",
        "owner": "oxalica",
        "repo": "rust-overlay",
        "rev": "199eeb6748116f7da4fbd3a680bc854e99d9132b",
        "type": "github"
      },
      "original": {
        "owner": "oxalica",
        "repo": "rust-overlay",
        "type": "github"
      }
    },
    "systems": {
      "locked": {
        "lastModified": 1681028828,
        "narHash": "sha256-Vy1rq5AaRuLzOxct8nz4T6wlgyUR7zLU309k9mBC768=",
        "owner": "nix-systems",
        "repo": "default",
        "rev": "da67096a3b9bf56a91d16901293e51ba5b49a27e",
        "type": "github"
      },
      "original": {
        "owner": "nix-systems",
        "repo": "default",
        "type": "github"
      }
    }
  },
  "root": "root",
  "version": 7
}
